// !$*UTF8*$!
{
	archiveVersion = 1;
	classes = {
	};
	objectVersion = 55;
	objects = {

/* Begin PBXBuildFile section */
		04B931002817C32100F56B33 /* AppDelegate.swift in Sources */ = {isa = PBXBuildFile; fileRef = 04B930FF2817C32100F56B33 /* AppDelegate.swift */; };
		04B931022817C32100F56B33 /* SceneDelegate.swift in Sources */ = {isa = PBXBuildFile; fileRef = 04B931012817C32100F56B33 /* SceneDelegate.swift */; };
		04B931072817C32100F56B33 /* Main.storyboard in Resources */ = {isa = PBXBuildFile; fileRef = 04B931052817C32100F56B33 /* Main.storyboard */; };
		04B931092817C32300F56B33 /* Assets.xcassets in Resources */ = {isa = PBXBuildFile; fileRef = 04B931082817C32300F56B33 /* Assets.xcassets */; };
		04B9310C2817C32300F56B33 /* LaunchScreen.storyboard in Resources */ = {isa = PBXBuildFile; fileRef = 04B9310A2817C32300F56B33 /* LaunchScreen.storyboard */; };
		04B931142817C38900F56B33 /* .gitignore in Resources */ = {isa = PBXBuildFile; fileRef = 04B931132817C38900F56B33 /* .gitignore */; };
		04B931242817C6FC00F56B33 /* ChangeDetailController.swift in Sources */ = {isa = PBXBuildFile; fileRef = 04B9311A2817C51300F56B33 /* ChangeDetailController.swift */; };
		04B931252817C6FE00F56B33 /* LibrayController.swift in Sources */ = {isa = PBXBuildFile; fileRef = 04B9311B2817C51300F56B33 /* LibrayController.swift */; };
		04B931262817C70100F56B33 /* DetailController.swift in Sources */ = {isa = PBXBuildFile; fileRef = 04B9311C2817C51300F56B33 /* DetailController.swift */; };
		04B931272817C70400F56B33 /* StartViewController.swift in Sources */ = {isa = PBXBuildFile; fileRef = 04B9311D2817C51300F56B33 /* StartViewController.swift */; };
		04B931282817C70600F56B33 /* SettingsViewController.swift in Sources */ = {isa = PBXBuildFile; fileRef = 04B9311F2817C51300F56B33 /* SettingsViewController.swift */; };
		04B931292817C70900F56B33 /* ExercisesViewController.swift in Sources */ = {isa = PBXBuildFile; fileRef = 04B9311E2817C51300F56B33 /* ExercisesViewController.swift */; };
		04B9312A2817C71700F56B33 /* Model.swift in Sources */ = {isa = PBXBuildFile; fileRef = 04B931212817C51300F56B33 /* Model.swift */; };
		04B9312B2817C71C00F56B33 /* DataManage.swift in Sources */ = {isa = PBXBuildFile; fileRef = 04B931232817C51300F56B33 /* DataManage.swift */; };
		04B9312C2817C72000F56B33 /* MuscleSwitch.swift in Sources */ = {isa = PBXBuildFile; fileRef = 04B931182817C51300F56B33 /* MuscleSwitch.swift */; };
		7485B7212818846200A37BA8 /* AlertController.swift in Sources */ = {isa = PBXBuildFile; fileRef = 7485B7202818846200A37BA8 /* AlertController.swift */; };
/* End PBXBuildFile section */

/* Begin PBXFileReference section */
		04B930FC2817C32100F56B33 /* GymApp2.app */ = {isa = PBXFileReference; explicitFileType = wrapper.application; includeInIndex = 0; path = GymApp2.app; sourceTree = BUILT_PRODUCTS_DIR; };
		04B930FF2817C32100F56B33 /* AppDelegate.swift */ = {isa = PBXFileReference; lastKnownFileType = sourcecode.swift; path = AppDelegate.swift; sourceTree = "<group>"; };
		04B931012817C32100F56B33 /* SceneDelegate.swift */ = {isa = PBXFileReference; lastKnownFileType = sourcecode.swift; path = SceneDelegate.swift; sourceTree = "<group>"; };
		04B931062817C32100F56B33 /* Base */ = {isa = PBXFileReference; lastKnownFileType = file.storyboard; name = Base; path = Base.lproj/Main.storyboard; sourceTree = "<group>"; };
		04B931082817C32300F56B33 /* Assets.xcassets */ = {isa = PBXFileReference; lastKnownFileType = folder.assetcatalog; path = Assets.xcassets; sourceTree = "<group>"; };
		04B9310B2817C32300F56B33 /* Base */ = {isa = PBXFileReference; lastKnownFileType = file.storyboard; name = Base; path = Base.lproj/LaunchScreen.storyboard; sourceTree = "<group>"; };
		04B9310D2817C32300F56B33 /* Info.plist */ = {isa = PBXFileReference; lastKnownFileType = text.plist.xml; path = Info.plist; sourceTree = "<group>"; };
		04B931132817C38900F56B33 /* .gitignore */ = {isa = PBXFileReference; lastKnownFileType = text; path = .gitignore; sourceTree = "<group>"; };
		04B931182817C51300F56B33 /* MuscleSwitch.swift */ = {isa = PBXFileReference; lastKnownFileType = sourcecode.swift; path = MuscleSwitch.swift; sourceTree = "<group>"; };
		04B9311A2817C51300F56B33 /* ChangeDetailController.swift */ = {isa = PBXFileReference; lastKnownFileType = sourcecode.swift; path = ChangeDetailController.swift; sourceTree = "<group>"; };
		04B9311B2817C51300F56B33 /* LibrayController.swift */ = {isa = PBXFileReference; lastKnownFileType = sourcecode.swift; path = LibrayController.swift; sourceTree = "<group>"; };
		04B9311C2817C51300F56B33 /* DetailController.swift */ = {isa = PBXFileReference; lastKnownFileType = sourcecode.swift; path = DetailController.swift; sourceTree = "<group>"; };
		04B9311D2817C51300F56B33 /* StartViewController.swift */ = {isa = PBXFileReference; lastKnownFileType = sourcecode.swift; path = StartViewController.swift; sourceTree = "<group>"; };
		04B9311E2817C51300F56B33 /* ExercisesViewController.swift */ = {isa = PBXFileReference; lastKnownFileType = sourcecode.swift; path = ExercisesViewController.swift; sourceTree = "<group>"; };
		04B9311F2817C51300F56B33 /* SettingsViewController.swift */ = {isa = PBXFileReference; lastKnownFileType = sourcecode.swift; path = SettingsViewController.swift; sourceTree = "<group>"; };
		04B931212817C51300F56B33 /* Model.swift */ = {isa = PBXFileReference; lastKnownFileType = sourcecode.swift; path = Model.swift; sourceTree = "<group>"; };
		04B931232817C51300F56B33 /* DataManage.swift */ = {isa = PBXFileReference; lastKnownFileType = sourcecode.swift; path = DataManage.swift; sourceTree = "<group>"; };
		7485B7202818846200A37BA8 /* AlertController.swift */ = {isa = PBXFileReference; lastKnownFileType = sourcecode.swift; path = AlertController.swift; sourceTree = "<group>"; };
/* End PBXFileReference section */

/* Begin PBXFrameworksBuildPhase section */
		04B930F92817C32100F56B33 /* Frameworks */ = {
			isa = PBXFrameworksBuildPhase;
			buildActionMask = 2147483647;
			files = (
			);
			runOnlyForDeploymentPostprocessing = 0;
		};
/* End PBXFrameworksBuildPhase section */

/* Begin PBXGroup section */
		04B930F32817C32100F56B33 = {
			isa = PBXGroup;
			children = (
				04B930FE2817C32100F56B33 /* GymApp2 */,
				04B930FD2817C32100F56B33 /* Products */,
			);
			sourceTree = "<group>";
		};
		04B930FD2817C32100F56B33 /* Products */ = {
			isa = PBXGroup;
			children = (
				04B930FC2817C32100F56B33 /* GymApp2.app */,
			);
			name = Products;
			sourceTree = "<group>";
		};
		04B930FE2817C32100F56B33 /* GymApp2 */ = {
			isa = PBXGroup;
			children = (
				7485B7222818846A00A37BA8 /* GlobalMethods */,
				04B931172817C51300F56B33 /* Custom Elements */,
				04B931222817C51300F56B33 /* DataManages */,
				04B931202817C51300F56B33 /* Models */,
				04B931192817C51300F56B33 /* ViewControllers */,
				04B931162817C46E00F56B33 /* Sistem */,
				04B931152817C45100F56B33 /* View */,
				04B931082817C32300F56B33 /* Assets.xcassets */,
				04B931132817C38900F56B33 /* .gitignore */,
			);
			path = GymApp2;
			sourceTree = "<group>";
		};
		04B931152817C45100F56B33 /* View */ = {
			isa = PBXGroup;
			children = (
				04B931052817C32100F56B33 /* Main.storyboard */,
				04B9310A2817C32300F56B33 /* LaunchScreen.storyboard */,
			);
			path = View;
			sourceTree = "<group>";
		};
		04B931162817C46E00F56B33 /* Sistem */ = {
			isa = PBXGroup;
			children = (
				04B930FF2817C32100F56B33 /* AppDelegate.swift */,
				04B931012817C32100F56B33 /* SceneDelegate.swift */,
				04B9310D2817C32300F56B33 /* Info.plist */,
			);
			path = Sistem;
			sourceTree = "<group>";
		};
		04B931172817C51300F56B33 /* Custom Elements */ = {
			isa = PBXGroup;
			children = (
				04B931182817C51300F56B33 /* MuscleSwitch.swift */,
			);
			path = "Custom Elements";
			sourceTree = "<group>";
		};
		04B931192817C51300F56B33 /* ViewControllers */ = {
			isa = PBXGroup;
			children = (
				04B9311D2817C51300F56B33 /* StartViewController.swift */,
				04B9311E2817C51300F56B33 /* ExercisesViewController.swift */,
				04B9311C2817C51300F56B33 /* DetailController.swift */,
				04B9311F2817C51300F56B33 /* SettingsViewController.swift */,
				04B9311B2817C51300F56B33 /* LibrayController.swift */,
				04B9311A2817C51300F56B33 /* ChangeDetailController.swift */,
			);
			path = ViewControllers;
			sourceTree = "<group>";
		};
		04B931202817C51300F56B33 /* Models */ = {
			isa = PBXGroup;
			children = (
				04B931212817C51300F56B33 /* Model.swift */,
			);
			path = Models;
			sourceTree = "<group>";
		};
		04B931222817C51300F56B33 /* DataManages */ = {
			isa = PBXGroup;
			children = (
				04B931232817C51300F56B33 /* DataManage.swift */,
			);
			path = DataManages;
			sourceTree = "<group>";
		};
		7485B7222818846A00A37BA8 /* GlobalMethods */ = {
			isa = PBXGroup;
			children = (
				7485B7202818846200A37BA8 /* AlertController.swift */,
			);
			path = GlobalMethods;
			sourceTree = "<group>";
		};
/* End PBXGroup section */

/* Begin PBXNativeTarget section */
		04B930FB2817C32100F56B33 /* GymApp2 */ = {
			isa = PBXNativeTarget;
			buildConfigurationList = 04B931102817C32300F56B33 /* Build configuration list for PBXNativeTarget "GymApp2" */;
			buildPhases = (
				04B930F82817C32100F56B33 /* Sources */,
				04B930F92817C32100F56B33 /* Frameworks */,
				04B930FA2817C32100F56B33 /* Resources */,
			);
			buildRules = (
			);
			dependencies = (
			);
			name = GymApp2;
			productName = GymApp2;
			productReference = 04B930FC2817C32100F56B33 /* GymApp2.app */;
			productType = "com.apple.product-type.application";
		};
/* End PBXNativeTarget section */

/* Begin PBXProject section */
		04B930F42817C32100F56B33 /* Project object */ = {
			isa = PBXProject;
			attributes = {
				BuildIndependentTargetsInParallel = 1;
				LastSwiftUpdateCheck = 1320;
				LastUpgradeCheck = 1320;
				TargetAttributes = {
					04B930FB2817C32100F56B33 = {
						CreatedOnToolsVersion = 13.2.1;
					};
				};
			};
			buildConfigurationList = 04B930F72817C32100F56B33 /* Build configuration list for PBXProject "GymApp2" */;
			compatibilityVersion = "Xcode 13.0";
			developmentRegion = en;
			hasScannedForEncodings = 0;
			knownRegions = (
				en,
				Base,
			);
			mainGroup = 04B930F32817C32100F56B33;
			productRefGroup = 04B930FD2817C32100F56B33 /* Products */;
			projectDirPath = "";
			projectRoot = "";
			targets = (
				04B930FB2817C32100F56B33 /* GymApp2 */,
			);
		};
/* End PBXProject section */

/* Begin PBXResourcesBuildPhase section */
		04B930FA2817C32100F56B33 /* Resources */ = {
			isa = PBXResourcesBuildPhase;
			buildActionMask = 2147483647;
			files = (
				04B931142817C38900F56B33 /* .gitignore in Resources */,
				04B9310C2817C32300F56B33 /* LaunchScreen.storyboard in Resources */,
				04B931092817C32300F56B33 /* Assets.xcassets in Resources */,
				04B931072817C32100F56B33 /* Main.storyboard in Resources */,
			);
			runOnlyForDeploymentPostprocessing = 0;
		};
/* End PBXResourcesBuildPhase section */

/* Begin PBXSourcesBuildPhase section */
		04B930F82817C32100F56B33 /* Sources */ = {
			isa = PBXSourcesBuildPhase;
			buildActionMask = 2147483647;
			files = (
				04B9312A2817C71700F56B33 /* Model.swift in Sources */,
				04B931292817C70900F56B33 /* ExercisesViewController.swift in Sources */,
				04B9312B2817C71C00F56B33 /* DataManage.swift in Sources */,
				7485B7212818846200A37BA8 /* AlertController.swift in Sources */,
				04B9312C2817C72000F56B33 /* MuscleSwitch.swift in Sources */,
				04B931252817C6FE00F56B33 /* LibrayController.swift in Sources */,
				04B931242817C6FC00F56B33 /* ChangeDetailController.swift in Sources */,
				04B931282817C70600F56B33 /* SettingsViewController.swift in Sources */,
				04B931002817C32100F56B33 /* AppDelegate.swift in Sources */,
				04B931262817C70100F56B33 /* DetailController.swift in Sources */,
				04B931272817C70400F56B33 /* StartViewController.swift in Sources */,
				04B931022817C32100F56B33 /* SceneDelegate.swift in Sources */,
			);
			runOnlyForDeploymentPostprocessing = 0;
		};
/* End PBXSourcesBuildPhase section */

/* Begin PBXVariantGroup section */
		04B931052817C32100F56B33 /* Main.storyboard */ = {
			isa = PBXVariantGroup;
			children = (
				04B931062817C32100F56B33 /* Base */,
			);
			name = Main.storyboard;
			sourceTree = "<group>";
		};
		04B9310A2817C32300F56B33 /* LaunchScreen.storyboard */ = {
			isa = PBXVariantGroup;
			children = (
				04B9310B2817C32300F56B33 /* Base */,
			);
			name = LaunchScreen.storyboard;
			sourceTree = "<group>";
		};
/* End PBXVariantGroup section */

/* Begin XCBuildConfiguration section */
		04B9310E2817C32300F56B33 /* Debug */ = {
			isa = XCBuildConfiguration;
			buildSettings = {
				ALWAYS_SEARCH_USER_PATHS = NO;
				CLANG_ANALYZER_NONNULL = YES;
				CLANG_ANALYZER_NUMBER_OBJECT_CONVERSION = YES_AGGRESSIVE;
				CLANG_CXX_LANGUAGE_STANDARD = "gnu++17";
				CLANG_CXX_LIBRARY = "libc++";
				CLANG_ENABLE_MODULES = YES;
				CLANG_ENABLE_OBJC_ARC = YES;
				CLANG_ENABLE_OBJC_WEAK = YES;
				CLANG_WARN_BLOCK_CAPTURE_AUTORELEASING = YES;
				CLANG_WARN_BOOL_CONVERSION = YES;
				CLANG_WARN_COMMA = YES;
				CLANG_WARN_CONSTANT_CONVERSION = YES;
				CLANG_WARN_DEPRECATED_OBJC_IMPLEMENTATIONS = YES;
				CLANG_WARN_DIRECT_OBJC_ISA_USAGE = YES_ERROR;
				CLANG_WARN_DOCUMENTATION_COMMENTS = YES;
				CLANG_WARN_EMPTY_BODY = YES;
				CLANG_WARN_ENUM_CONVERSION = YES;
				CLANG_WARN_INFINITE_RECURSION = YES;
				CLANG_WARN_INT_CONVERSION = YES;
				CLANG_WARN_NON_LITERAL_NULL_CONVERSION = YES;
				CLANG_WARN_OBJC_IMPLICIT_RETAIN_SELF = YES;
				CLANG_WARN_OBJC_LITERAL_CONVERSION = YES;
				CLANG_WARN_OBJC_ROOT_CLASS = YES_ERROR;
				CLANG_WARN_QUOTED_INCLUDE_IN_FRAMEWORK_HEADER = YES;
				CLANG_WARN_RANGE_LOOP_ANALYSIS = YES;
				CLANG_WARN_STRICT_PROTOTYPES = YES;
				CLANG_WARN_SUSPICIOUS_MOVE = YES;
				CLANG_WARN_UNGUARDED_AVAILABILITY = YES_AGGRESSIVE;
				CLANG_WARN_UNREACHABLE_CODE = YES;
				CLANG_WARN__DUPLICATE_METHOD_MATCH = YES;
				COPY_PHASE_STRIP = NO;
				DEBUG_INFORMATION_FORMAT = dwarf;
				ENABLE_STRICT_OBJC_MSGSEND = YES;
				ENABLE_TESTABILITY = YES;
				GCC_C_LANGUAGE_STANDARD = gnu11;
				GCC_DYNAMIC_NO_PIC = NO;
				GCC_NO_COMMON_BLOCKS = YES;
				GCC_OPTIMIZATION_LEVEL = 0;
				GCC_PREPROCESSOR_DEFINITIONS = (
					"DEBUG=1",
					"$(inherited)",
				);
				GCC_WARN_64_TO_32_BIT_CONVERSION = YES;
				GCC_WARN_ABOUT_RETURN_TYPE = YES_ERROR;
				GCC_WARN_UNDECLARED_SELECTOR = YES;
				GCC_WARN_UNINITIALIZED_AUTOS = YES_AGGRESSIVE;
				GCC_WARN_UNUSED_FUNCTION = YES;
				GCC_WARN_UNUSED_VARIABLE = YES;
				IPHONEOS_DEPLOYMENT_TARGET = 15.2;
				MTL_ENABLE_DEBUG_INFO = INCLUDE_SOURCE;
				MTL_FAST_MATH = YES;
				ONLY_ACTIVE_ARCH = YES;
				SDKROOT = iphoneos;
				SWIFT_ACTIVE_COMPILATION_CONDITIONS = DEBUG;
				SWIFT_OPTIMIZATION_LEVEL = "-Onone";
			};
			name = Debug;
		};
		04B9310F2817C32300F56B33 /* Release */ = {
			isa = XCBuildConfiguration;
			buildSettings = {
				ALWAYS_SEARCH_USER_PATHS = NO;
				CLANG_ANALYZER_NONNULL = YES;
				CLANG_ANALYZER_NUMBER_OBJECT_CONVERSION = YES_AGGRESSIVE;
				CLANG_CXX_LANGUAGE_STANDARD = "gnu++17";
				CLANG_CXX_LIBRARY = "libc++";
				CLANG_ENABLE_MODULES = YES;
				CLANG_ENABLE_OBJC_ARC = YES;
				CLANG_ENABLE_OBJC_WEAK = YES;
				CLANG_WARN_BLOCK_CAPTURE_AUTORELEASING = YES;
				CLANG_WARN_BOOL_CONVERSION = YES;
				CLANG_WARN_COMMA = YES;
				CLANG_WARN_CONSTANT_CONVERSION = YES;
				CLANG_WARN_DEPRECATED_OBJC_IMPLEMENTATIONS = YES;
				CLANG_WARN_DIRECT_OBJC_ISA_USAGE = YES_ERROR;
				CLANG_WARN_DOCUMENTATION_COMMENTS = YES;
				CLANG_WARN_EMPTY_BODY = YES;
				CLANG_WARN_ENUM_CONVERSION = YES;
				CLANG_WARN_INFINITE_RECURSION = YES;
				CLANG_WARN_INT_CONVERSION = YES;
				CLANG_WARN_NON_LITERAL_NULL_CONVERSION = YES;
				CLANG_WARN_OBJC_IMPLICIT_RETAIN_SELF = YES;
				CLANG_WARN_OBJC_LITERAL_CONVERSION = YES;
				CLANG_WARN_OBJC_ROOT_CLASS = YES_ERROR;
				CLANG_WARN_QUOTED_INCLUDE_IN_FRAMEWORK_HEADER = YES;
				CLANG_WARN_RANGE_LOOP_ANALYSIS = YES;
				CLANG_WARN_STRICT_PROTOTYPES = YES;
				CLANG_WARN_SUSPICIOUS_MOVE = YES;
				CLANG_WARN_UNGUARDED_AVAILABILITY = YES_AGGRESSIVE;
				CLANG_WARN_UNREACHABLE_CODE = YES;
				CLANG_WARN__DUPLICATE_METHOD_MATCH = YES;
				COPY_PHASE_STRIP = NO;
				DEBUG_INFORMATION_FORMAT = "dwarf-with-dsym";
				ENABLE_NS_ASSERTIONS = NO;
				ENABLE_STRICT_OBJC_MSGSEND = YES;
				GCC_C_LANGUAGE_STANDARD = gnu11;
				GCC_NO_COMMON_BLOCKS = YES;
				GCC_WARN_64_TO_32_BIT_CONVERSION = YES;
				GCC_WARN_ABOUT_RETURN_TYPE = YES_ERROR;
				GCC_WARN_UNDECLARED_SELECTOR = YES;
				GCC_WARN_UNINITIALIZED_AUTOS = YES_AGGRESSIVE;
				GCC_WARN_UNUSED_FUNCTION = YES;
				GCC_WARN_UNUSED_VARIABLE = YES;
				IPHONEOS_DEPLOYMENT_TARGET = 15.2;
				MTL_ENABLE_DEBUG_INFO = NO;
				MTL_FAST_MATH = YES;
				SDKROOT = iphoneos;
				SWIFT_COMPILATION_MODE = wholemodule;
				SWIFT_OPTIMIZATION_LEVEL = "-O";
				VALIDATE_PRODUCT = YES;
			};
			name = Release;
		};
		04B931112817C32300F56B33 /* Debug */ = {
			isa = XCBuildConfiguration;
			buildSettings = {
				ASSETCATALOG_COMPILER_APPICON_NAME = AppIcon;
				ASSETCATALOG_COMPILER_GLOBAL_ACCENT_COLOR_NAME = AccentColor;
				CODE_SIGN_STYLE = Automatic;
				CURRENT_PROJECT_VERSION = 1;
				DEVELOPMENT_TEAM = L4399QB5BK;
				GENERATE_INFOPLIST_FILE = YES;
				INFOPLIST_FILE = GymApp2/Sistem/Info.plist;
				INFOPLIST_KEY_UIApplicationSupportsIndirectInputEvents = YES;
				INFOPLIST_KEY_UILaunchStoryboardName = LaunchScreen;
				INFOPLIST_KEY_UIMainStoryboardFile = Main;
				INFOPLIST_KEY_UISupportedInterfaceOrientations = UIInterfaceOrientationPortrait;
				INFOPLIST_KEY_UISupportedInterfaceOrientations_iPad = "UIInterfaceOrientationPortrait UIInterfaceOrientationPortraitUpsideDown UIInterfaceOrientationLandscapeLeft UIInterfaceOrientationLandscapeRight";
				INFOPLIST_KEY_UISupportedInterfaceOrientations_iPhone = UIInterfaceOrientationPortrait;
				LD_RUNPATH_SEARCH_PATHS = (
					"$(inherited)",
					"@executable_path/Frameworks",
				);
				MARKETING_VERSION = 1.0;
				PRODUCT_BUNDLE_IDENTIFIER = Glushchenko.Sergei.GymApp2;
				PRODUCT_NAME = "$(TARGET_NAME)";
				SWIFT_EMIT_LOC_STRINGS = YES;
				SWIFT_VERSION = 5.0;
				TARGETED_DEVICE_FAMILY = 1;
			};
			name = Debug;
		};
		04B931122817C32300F56B33 /* Release */ = {
			isa = XCBuildConfiguration;
			buildSettings = {
				ASSETCATALOG_COMPILER_APPICON_NAME = AppIcon;
				ASSETCATALOG_COMPILER_GLOBAL_ACCENT_COLOR_NAME = AccentColor;
				CODE_SIGN_STYLE = Automatic;
				CURRENT_PROJECT_VERSION = 1;
				DEVELOPMENT_TEAM = L4399QB5BK;
				GENERATE_INFOPLIST_FILE = YES;
				INFOPLIST_FILE = GymApp2/Sistem/Info.plist;
				INFOPLIST_KEY_UIApplicationSupportsIndirectInputEvents = YES;
				INFOPLIST_KEY_UILaunchStoryboardName = LaunchScreen;
				INFOPLIST_KEY_UIMainStoryboardFile = Main;
				INFOPLIST_KEY_UISupportedInterfaceOrientations = UIInterfaceOrientationPortrait;
				INFOPLIST_KEY_UISupportedInterfaceOrientations_iPad = "UIInterfaceOrientationPortrait UIInterfaceOrientationPortraitUpsideDown UIInterfaceOrientationLandscapeLeft UIInterfaceOrientationLandscapeRight";
				INFOPLIST_KEY_UISupportedInterfaceOrientations_iPhone = UIInterfaceOrientationPortrait;
				LD_RUNPATH_SEARCH_PATHS = (
					"$(inherited)",
					"@executable_path/Frameworks",
				);
				MARKETING_VERSION = 1.0;
				PRODUCT_BUNDLE_IDENTIFIER = Glushchenko.Sergei.GymApp2;
				PRODUCT_NAME = "$(TARGET_NAME)";
				SWIFT_EMIT_LOC_STRINGS = YES;
				SWIFT_VERSION = 5.0;
				TARGETED_DEVICE_FAMILY = 1;
			};
			name = Release;
		};
/* End XCBuildConfiguration section */

/* Begin XCConfigurationList section */
		04B930F72817C32100F56B33 /* Build configuration list for PBXProject "GymApp2" */ = {
			isa = XCConfigurationList;
			buildConfigurations = (
				04B9310E2817C32300F56B33 /* Debug */,
				04B9310F2817C32300F56B33 /* Release */,
			);
			defaultConfigurationIsVisible = 0;
			defaultConfigurationName = Release;
		};
		04B931102817C32300F56B33 /* Build configuration list for PBXNativeTarget "GymApp2" */ = {
			isa = XCConfigurationList;
			buildConfigurations = (
				04B931112817C32300F56B33 /* Debug */,
				04B931122817C32300F56B33 /* Release */,
			);
			defaultConfigurationIsVisible = 0;
			defaultConfigurationName = Release;
		};
/* End XCConfigurationList section */
	};
	rootObject = 04B930F42817C32100F56B33 /* Project object */;
}
